
Microsoft Visual Studio Solution File, Format Version 12.00
# Visual Studio 15
VisualStudioVersion = 15.0.27130.2027
MinimumVisualStudioVersion = 10.0.40219.1
Project("{FAE04EC0-301F-11D3-BF4B-00C04F79EFBC}") = "ST.InterfacesLib", "ST.InterfacesLib\ST.InterfacesLib.csproj", "{060E94CF-346E-4E95-91FD-4C2D6262B650}"
EndProject
Project("{FAE04EC0-301F-11D3-BF4B-00C04F79EFBC}") = "ST.ServicesLib", "ST.ServicesLib\ST.ServicesLib.csproj", "{FF38CBF3-5638-4A90-8592-EE7CEA7164A4}"
EndProject
Project("{FAE04EC0-301F-11D3-BF4B-00C04F79EFBC}") = "ST.SharedEntities", "ST.SharedEntities\ST.SharedEntities.csproj", "{BB8D2E74-322D-4566-8EAB-E5BBFB37E934}"
EndProject
Project("{FAE04EC0-301F-11D3-BF4B-00C04F79EFBC}") = "ST.SQLRepo", "ST.SQLRepoLib\ST.SQLRepo.csproj", "{14EB1D29-BAE4-4ECA-99F5-7C6E5F61621C}"
EndProject
Project("{FAE04EC0-301F-11D3-BF4B-00C04F79EFBC}") = "ST.Web", "ST.Web\ST.Web.csproj", "{E231E9F9-FA58-4E1E-B6E4-B499F189B6AF}"
EndProject
Global
	GlobalSection(SolutionConfigurationPlatforms) = preSolution
		Debug|Any CPU = Debug|Any CPU
		Release|Any CPU = Release|Any CPU
	EndGlobalSection
	GlobalSection(ProjectConfigurationPlatforms) = postSolution
		{060E94CF-346E-4E95-91FD-4C2D6262B650}.Debug|Any CPU.ActiveCfg = Debug|Any CPU
		{060E94CF-346E-4E95-91FD-4C2D6262B650}.Debug|Any CPU.Build.0 = Debug|Any CPU
		{060E94CF-346E-4E95-91FD-4C2D6262B650}.Release|Any CPU.ActiveCfg = Release|Any CPU
		{060E94CF-346E-4E95-91FD-4C2D6262B650}.Release|Any CPU.Build.0 = Release|Any CPU
		{FF38CBF3-5638-4A90-8592-EE7CEA7164A4}.Debug|Any CPU.ActiveCfg = Debug|Any CPU
		{FF38CBF3-5638-4A90-8592-EE7CEA7164A4}.Debug|Any CPU.Build.0 = Debug|Any CPU
		{FF38CBF3-5638-4A90-8592-EE7CEA7164A4}.Release|Any CPU.ActiveCfg = Release|Any CPU
		{FF38CBF3-5638-4A90-8592-EE7CEA7164A4}.Release|Any CPU.Build.0 = Release|Any CPU
		{BB8D2E74-322D-4566-8EAB-E5BBFB37E934}.Debug|Any CPU.ActiveCfg = Debug|Any CPU
		{BB8D2E74-322D-4566-8EAB-E5BBFB37E934}.Debug|Any CPU.Build.0 = Debug|Any CPU
		{BB8D2E74-322D-4566-8EAB-E5BBFB37E934}.Release|Any CPU.ActiveCfg = Release|Any CPU
		{BB8D2E74-322D-4566-8EAB-E5BBFB37E934}.Release|Any CPU.Build.0 = Release|Any CPU
		{14EB1D29-BAE4-4ECA-99F5-7C6E5F61621C}.Debug|Any CPU.ActiveCfg = Debug|Any CPU
		{14EB1D29-BAE4-4ECA-99F5-7C6E5F61621C}.Debug|Any CPU.Build.0 = Debug|Any CPU
		{14EB1D29-BAE4-4ECA-99F5-7C6E5F61621C}.Release|Any CPU.ActiveCfg = Release|Any CPU
		{14EB1D29-BAE4-4ECA-99F5-7C6E5F61621C}.Release|Any CPU.Build.0 = Release|Any CPU
		{E231E9F9-FA58-4E1E-B6E4-B499F189B6AF}.Debug|Any CPU.ActiveCfg = Debug|Any CPU
		{E231E9F9-FA58-4E1E-B6E4-B499F189B6AF}.Debug|Any CPU.Build.0 = Debug|Any CPU
		{E231E9F9-FA58-4E1E-B6E4-B499F189B6AF}.Release|Any CPU.ActiveCfg = Release|Any CPU
		{E231E9F9-FA58-4E1E-B6E4-B499F189B6AF}.Release|Any CPU.Build.0 = Release|Any CPU
	EndGlobalSection
	GlobalSection(SolutionProperties) = preSolution
		HideSolutionNode = FALSE
	EndGlobalSection
	GlobalSection(ExtensibilityGlobals) = postSolution
		SolutionGuid = {3C291F18-2580-499D-9100-51F325370184}
	EndGlobalSection
EndGlobal
