
Microsoft Visual Studio Solution File, Format Version 12.00
# Visual Studio 15
VisualStudioVersion = 15.0.27130.2027
MinimumVisualStudioVersion = 10.0.40219.1
Project("{9A19103F-16F7-4668-BE54-9A1E7A4F7556}") = "ST.Web", "ST.Web\ST.Web.csproj", "{E231E9F9-FA58-4E1E-B6E4-B499F189B6AF}"
EndProject
Project("{FAE04EC0-301F-11D3-BF4B-00C04F79EFBC}") = "ST.SQLServerRepoLib", "ST.SQlServerRepoLib\ST.SQLServerRepoLib.csproj", "{7C2BC5A4-F981-4CF3-BA86-592511C6D601}"
EndProject
Project("{FAE04EC0-301F-11D3-BF4B-00C04F79EFBC}") = "ST.AppServicesLib", "ST.AppServicesLib\ST.AppServicesLib.csproj", "{79A3C1B7-1242-4C8A-81E6-CFFF68AEFCFF}"
EndProject
Project("{FAE04EC0-301F-11D3-BF4B-00C04F79EFBC}") = "ST.SharedEntitiesLib", "ST.SharedEntitiesLib\ST.SharedEntitiesLib.csproj", "{837977F4-8F4E-4845-B37F-98AED3E7EDFB}"
EndProject
Project("{FAE04EC0-301F-11D3-BF4B-00C04F79EFBC}") = "ST.SharedInterfacesLib", "ST.SharedInterfacesLib\ST.SharedInterfacesLib.csproj", "{647BF54C-4925-43B3-84B6-6F7218393F70}"
EndProject
Global
	GlobalSection(SolutionConfigurationPlatforms) = preSolution
		Debug|Any CPU = Debug|Any CPU
		Release|Any CPU = Release|Any CPU
	EndGlobalSection
	GlobalSection(ProjectConfigurationPlatforms) = postSolution
		{E231E9F9-FA58-4E1E-B6E4-B499F189B6AF}.Debug|Any CPU.ActiveCfg = Debug|Any CPU
		{E231E9F9-FA58-4E1E-B6E4-B499F189B6AF}.Debug|Any CPU.Build.0 = Debug|Any CPU
		{E231E9F9-FA58-4E1E-B6E4-B499F189B6AF}.Release|Any CPU.ActiveCfg = Release|Any CPU
		{E231E9F9-FA58-4E1E-B6E4-B499F189B6AF}.Release|Any CPU.Build.0 = Release|Any CPU
		{7C2BC5A4-F981-4CF3-BA86-592511C6D601}.Debug|Any CPU.ActiveCfg = Debug|Any CPU
		{7C2BC5A4-F981-4CF3-BA86-592511C6D601}.Debug|Any CPU.Build.0 = Debug|Any CPU
		{7C2BC5A4-F981-4CF3-BA86-592511C6D601}.Release|Any CPU.ActiveCfg = Release|Any CPU
		{7C2BC5A4-F981-4CF3-BA86-592511C6D601}.Release|Any CPU.Build.0 = Release|Any CPU
		{79A3C1B7-1242-4C8A-81E6-CFFF68AEFCFF}.Debug|Any CPU.ActiveCfg = Debug|Any CPU
		{79A3C1B7-1242-4C8A-81E6-CFFF68AEFCFF}.Debug|Any CPU.Build.0 = Debug|Any CPU
		{79A3C1B7-1242-4C8A-81E6-CFFF68AEFCFF}.Release|Any CPU.ActiveCfg = Release|Any CPU
		{79A3C1B7-1242-4C8A-81E6-CFFF68AEFCFF}.Release|Any CPU.Build.0 = Release|Any CPU
		{837977F4-8F4E-4845-B37F-98AED3E7EDFB}.Debug|Any CPU.ActiveCfg = Debug|Any CPU
		{837977F4-8F4E-4845-B37F-98AED3E7EDFB}.Debug|Any CPU.Build.0 = Debug|Any CPU
		{837977F4-8F4E-4845-B37F-98AED3E7EDFB}.Release|Any CPU.ActiveCfg = Release|Any CPU
		{837977F4-8F4E-4845-B37F-98AED3E7EDFB}.Release|Any CPU.Build.0 = Release|Any CPU
		{647BF54C-4925-43B3-84B6-6F7218393F70}.Debug|Any CPU.ActiveCfg = Debug|Any CPU
		{647BF54C-4925-43B3-84B6-6F7218393F70}.Debug|Any CPU.Build.0 = Debug|Any CPU
		{647BF54C-4925-43B3-84B6-6F7218393F70}.Release|Any CPU.ActiveCfg = Release|Any CPU
		{647BF54C-4925-43B3-84B6-6F7218393F70}.Release|Any CPU.Build.0 = Release|Any CPU
	EndGlobalSection
	GlobalSection(SolutionProperties) = preSolution
		HideSolutionNode = FALSE
	EndGlobalSection
	GlobalSection(ExtensibilityGlobals) = postSolution
		SolutionGuid = {3C291F18-2580-499D-9100-51F325370184}
	EndGlobalSection
EndGlobal
